{
  "name": "webpage",
  "version": "1.0.0",
  "lockfileVersion": 1,
  "requires": true,
  "dependencies": {
    "fine-uploader": {
      "version": "5.15.6",
      "resolved": "https://registry.npmjs.org/fine-uploader/-/fine-uploader-5.15.6.tgz",
      "integrity": "sha1-9mmTACikQhCjl4OhRK0Q6hIgKws="
    },
    "paper": {
      "version": "0.11.5",
      "resolved": "https://registry.npmjs.org/paper/-/paper-0.11.5.tgz",
      "integrity": "sha512-nvzLB10Ll0gE6MZ7lMOTiJMGVuwF1iGSTGkndCxIs6aar8TQnjxlgYMGP3IkuKpIE9mJ4Op5VTquyroB4BDK6Q=="
    }
  }
}
